
Microsoft Visual Studio Solution File, Format Version 10.00
# Visual Studio 2008
Project("{FAE04EC0-301F-11D3-BF4B-00C04F79EFBC}") = "DataBinding.Tests", "DataBinding.Tests\DataBinding.Tests.csproj", "{605A2DB3-865D-494B-9553-9CA33B592A5C}"
EndProject
Project("{FAE04EC0-301F-11D3-BF4B-00C04F79EFBC}") = "DataBinding", "DataBinding\DataBinding.csproj", "{844CD5E2-B2CE-4688-9B40-0D64A3FB4E55}"
EndProject
Global
	GlobalSection(SolutionConfigurationPlatforms) = preSolution
		Debug|Any CPU = Debug|Any CPU
		Release|Any CPU = Release|Any CPU
	EndGlobalSection
	GlobalSection(ProjectConfigurationPlatforms) = postSolution
		{605A2DB3-865D-494B-9553-9CA33B592A5C}.Debug|Any CPU.ActiveCfg = Debug|Any CPU
		{605A2DB3-865D-494B-9553-9CA33B592A5C}.Debug|Any CPU.Build.0 = Debug|Any CPU
		{605A2DB3-865D-494B-9553-9CA33B592A5C}.Release|Any CPU.ActiveCfg = Release|Any CPU
		{605A2DB3-865D-494B-9553-9CA33B592A5C}.Release|Any CPU.Build.0 = Release|Any CPU
		{844CD5E2-B2CE-4688-9B40-0D64A3FB4E55}.Debug|Any CPU.ActiveCfg = Debug|Any CPU
		{844CD5E2-B2CE-4688-9B40-0D64A3FB4E55}.Debug|Any CPU.Build.0 = Debug|Any CPU
		{844CD5E2-B2CE-4688-9B40-0D64A3FB4E55}.Release|Any CPU.ActiveCfg = Release|Any CPU
		{844CD5E2-B2CE-4688-9B40-0D64A3FB4E55}.Release|Any CPU.Build.0 = Release|Any CPU
	EndGlobalSection
	GlobalSection(SolutionProperties) = preSolution
		HideSolutionNode = FALSE
	EndGlobalSection
EndGlobal
